
Microsoft Visual Studio Solution File, Format Version 12.00
# Visual Studio 15
VisualStudioVersion = 15.0.28010.2036
MinimumVisualStudioVersion = 10.0.40219.1
Project("{FAE04EC0-301F-11D3-BF4B-00C04F79EFBC}") = "Lesson1", "ALG_Lesson1\Lesson1.csproj", "{C5248FEC-6E3C-4F97-8CD8-CDA418746AC4}"
EndProject
Project("{FAE04EC0-301F-11D3-BF4B-00C04F79EFBC}") = "Lesson2", "Lesson2\Lesson2.csproj", "{C9C23413-D422-42E6-BDD3-223AD1CAD00F}"
EndProject
Project("{FAE04EC0-301F-11D3-BF4B-00C04F79EFBC}") = "Lesson3", "Lesson3\Lesson3.csproj", "{28A809D5-2050-4E16-847E-0F438BCF64AD}"
EndProject
Project("{FAE04EC0-301F-11D3-BF4B-00C04F79EFBC}") = "Lesson4", "Lesson4\Lesson4.csproj", "{E416BD70-8872-4FC5-B198-FE8E1308A972}"
EndProject
Global
	GlobalSection(SolutionConfigurationPlatforms) = preSolution
		Debug|Any CPU = Debug|Any CPU
		Release|Any CPU = Release|Any CPU
	EndGlobalSection
	GlobalSection(ProjectConfigurationPlatforms) = postSolution
		{C5248FEC-6E3C-4F97-8CD8-CDA418746AC4}.Debug|Any CPU.ActiveCfg = Debug|Any CPU
		{C5248FEC-6E3C-4F97-8CD8-CDA418746AC4}.Debug|Any CPU.Build.0 = Debug|Any CPU
		{C5248FEC-6E3C-4F97-8CD8-CDA418746AC4}.Release|Any CPU.ActiveCfg = Release|Any CPU
		{C5248FEC-6E3C-4F97-8CD8-CDA418746AC4}.Release|Any CPU.Build.0 = Release|Any CPU
		{C9C23413-D422-42E6-BDD3-223AD1CAD00F}.Debug|Any CPU.ActiveCfg = Debug|Any CPU
		{C9C23413-D422-42E6-BDD3-223AD1CAD00F}.Debug|Any CPU.Build.0 = Debug|Any CPU
		{C9C23413-D422-42E6-BDD3-223AD1CAD00F}.Release|Any CPU.ActiveCfg = Release|Any CPU
		{C9C23413-D422-42E6-BDD3-223AD1CAD00F}.Release|Any CPU.Build.0 = Release|Any CPU
		{28A809D5-2050-4E16-847E-0F438BCF64AD}.Debug|Any CPU.ActiveCfg = Debug|Any CPU
		{28A809D5-2050-4E16-847E-0F438BCF64AD}.Debug|Any CPU.Build.0 = Debug|Any CPU
		{28A809D5-2050-4E16-847E-0F438BCF64AD}.Release|Any CPU.ActiveCfg = Release|Any CPU
		{28A809D5-2050-4E16-847E-0F438BCF64AD}.Release|Any CPU.Build.0 = Release|Any CPU
		{E416BD70-8872-4FC5-B198-FE8E1308A972}.Debug|Any CPU.ActiveCfg = Debug|Any CPU
		{E416BD70-8872-4FC5-B198-FE8E1308A972}.Debug|Any CPU.Build.0 = Debug|Any CPU
		{E416BD70-8872-4FC5-B198-FE8E1308A972}.Release|Any CPU.ActiveCfg = Release|Any CPU
		{E416BD70-8872-4FC5-B198-FE8E1308A972}.Release|Any CPU.Build.0 = Release|Any CPU
	EndGlobalSection
	GlobalSection(SolutionProperties) = preSolution
		HideSolutionNode = FALSE
	EndGlobalSection
	GlobalSection(ExtensibilityGlobals) = postSolution
		SolutionGuid = {2856102C-D369-4E4F-8470-71B2FBF1DE0D}
	EndGlobalSection
EndGlobal
